
Microsoft Visual Studio Solution File, Format Version 12.00
# Visual Studio Version 17
VisualStudioVersion = 17.7.34018.315
MinimumVisualStudioVersion = 10.0.40219.1
Project("{9A19103F-16F7-4668-BE54-9A1E7A4F7556}") = "88MergeSortedArrays", "88MergeSortedArrays\88MergeSortedArrays.csproj", "{B0CB77A6-A1D8-4BA8-98A0-301C6EBFE952}"
EndProject
Project("{9A19103F-16F7-4668-BE54-9A1E7A4F7556}") = "Utils", "Utils\Utils.csproj", "{87DE80AD-6E40-4544-8D0C-4BA9C66441DA}"
EndProject
Project("{FAE04EC0-301F-11D3-BF4B-00C04F79EFBC}") = "26RemoveDuplicatesFromSortedArray", "26RemoveDuplicatesFromSortedArray\26RemoveDuplicatesFromSortedArray.csproj", "{83C893F0-BEB1-4A9A-92BD-8E3AFD57AC27}"
EndProject
Project("{FAE04EC0-301F-11D3-BF4B-00C04F79EFBC}") = "80RemoveDuplicatesFromSortedArrayII", "80RemoveDuplicatesFromSortedArrayII\80RemoveDuplicatesFromSortedArrayII.csproj", "{F8327520-32ED-4F58-88FE-56869487027B}"
EndProject
Project("{FAE04EC0-301F-11D3-BF4B-00C04F79EFBC}") = "169MajorityElement", "169MajorityElement\169MajorityElement.csproj", "{D05A1876-BE28-4F97-9C0C-40BEB6DB4DB4}"
EndProject
Project("{FAE04EC0-301F-11D3-BF4B-00C04F79EFBC}") = "121BestTimeToBuyAndSellStock", "121BestTimeToBuyAndSellStock\121BestTimeToBuyAndSellStock.csproj", "{AE7AE49F-2B09-42BE-8F70-524752115F7B}"
EndProject
Project("{FAE04EC0-301F-11D3-BF4B-00C04F79EFBC}") = "260SingleNumberlll", "260SingleNumberlll\260SingleNumberlll.csproj", "{7A890911-4759-4066-9963-4243925827A7}"
EndProject
Project("{FAE04EC0-301F-11D3-BF4B-00C04F79EFBC}") = "1TwoSum", "1TwoSum\1TwoSum.csproj", "{0CD9E1D8-F242-4681-B049-F969810C1D8F}"
EndProject
Project("{FAE04EC0-301F-11D3-BF4B-00C04F79EFBC}") = "13RomanToInteger", "13RomanToInteger\13RomanToInteger.csproj", "{C5164A48-685F-4423-A84A-CF99675749DC}"
EndProject
Project("{FAE04EC0-301F-11D3-BF4B-00C04F79EFBC}") = "14LongestCommonPrefix", "14LongestCommonPrefix\14LongestCommonPrefix.csproj", "{165D61B3-9A82-40F2-99BA-9B2846973422}"
EndProject
Project("{FAE04EC0-301F-11D3-BF4B-00C04F79EFBC}") = "20ValidParentheses", "20ValidParentheses\20ValidParentheses.csproj", "{05242CB7-0FC4-4A76-B28C-6BD9D06ED054}"
EndProject
Project("{FAE04EC0-301F-11D3-BF4B-00C04F79EFBC}") = "21MergeTwoSortedLists", "21MergeTwoSortedLists\21MergeTwoSortedLists.csproj", "{635308F5-828F-4F08-8C09-071B9157E550}"
EndProject
Project("{FAE04EC0-301F-11D3-BF4B-00C04F79EFBC}") = "28FindTheIndexOfTheFirstOccurrenceInAString", "28FindTheIndexOfTheFirstOccurrenceInAString\28FindTheIndexOfTheFirstOccurrenceInAString.csproj", "{707B86F9-251A-4422-93D1-CA9C1D3552FB}"
EndProject
Project("{FAE04EC0-301F-11D3-BF4B-00C04F79EFBC}") = "66PlusOne", "66PlusOne\66PlusOne.csproj", "{78D024C8-AFC1-4556-8D82-93F2CC7FB6F2}"
EndProject
Project("{FAE04EC0-301F-11D3-BF4B-00C04F79EFBC}") = "69Sqrt_x_", "69Sqrt_x_\69Sqrt_x_.csproj", "{2BEEEF61-5F60-4431-B9B7-72855B4C75B2}"
EndProject
Project("{FAE04EC0-301F-11D3-BF4B-00C04F79EFBC}") = "70ClimbingStairs", "70ClimbingStairs\70ClimbingStairs.csproj", "{39047EA3-D4C5-4186-B53B-07E7345180FA}"
EndProject
Project("{FAE04EC0-301F-11D3-BF4B-00C04F79EFBC}") = "322CoinChange", "322CoinChange\322CoinChange.csproj", "{FE95BD61-96F1-483F-A4BB-2615F26E27BB}"
EndProject
Project("{FAE04EC0-301F-11D3-BF4B-00C04F79EFBC}") = "518CoinChangell", "518CoinChangell\518CoinChangell.csproj", "{4F3D3604-2A27-4CBB-AC48-FABE65B4C3C3}"
EndProject
Project("{FAE04EC0-301F-11D3-BF4B-00C04F79EFBC}") = "198HouseRobber", "198HouseRobber\198HouseRobber.csproj", "{F8DA4121-1040-4F48-9E78-576AD795A6B2}"
EndProject
Project("{FAE04EC0-301F-11D3-BF4B-00C04F79EFBC}") = "746MinCostClimbingStairs", "746MinCostClimbingStairs\746MinCostClimbingStairs.csproj", "{C2B87D12-5799-4BB0-A596-8C950DAC3D09}"
EndProject
Project("{FAE04EC0-301F-11D3-BF4B-00C04F79EFBC}") = "344ReverseString", "344ReverseString\344ReverseString.csproj", "{C082029D-B0FB-4632-B911-D24063BBC02B}"
EndProject
Project("{FAE04EC0-301F-11D3-BF4B-00C04F79EFBC}") = "24SwapNodesInPairs", "24SwapNodesInPairs\24SwapNodesInPairs.csproj", "{56F53229-305F-46BE-8A38-993CA8BDC8EE}"
EndProject
Project("{FAE04EC0-301F-11D3-BF4B-00C04F79EFBC}") = "557ReverseWordsinAStringIII", "557ReverseWordsinAStringIII\557ReverseWordsinAStringIII.csproj", "{8217B1FE-0C42-48B7-ABE8-9F21A9378808}"
EndProject
Project("{FAE04EC0-301F-11D3-BF4B-00C04F79EFBC}") = "206ReverseLinkedList", "206ReverseLinkedList\206ReverseLinkedList.csproj", "{1069611C-7D9D-44A2-B9B9-C187045A4F0F}"
EndProject
Project("{FAE04EC0-301F-11D3-BF4B-00C04F79EFBC}") = "700SearchInABinarySearchTree", "700SearchInABinarySearchTree\700SearchInABinarySearchTree.csproj", "{25636FC7-F7B5-4BFD-A976-DFE765F37F13}"
EndProject
Project("{FAE04EC0-301F-11D3-BF4B-00C04F79EFBC}") = "119PascalsTriangleII", "119PascalsTriangleII\119PascalsTriangleII.csproj", "{A846F555-D740-478F-93FF-54725C0D04E4}"
EndProject
Project("{FAE04EC0-301F-11D3-BF4B-00C04F79EFBC}") = "118PascalsTriangle", "118PascalsTriangle\118PascalsTriangle.csproj", "{8FD50FE7-76FD-45B7-A0A9-12D812A84BEA}"
EndProject
Global
	GlobalSection(SolutionConfigurationPlatforms) = preSolution
		Debug|Any CPU = Debug|Any CPU
		Release|Any CPU = Release|Any CPU
	EndGlobalSection
	GlobalSection(ProjectConfigurationPlatforms) = postSolution
		{B0CB77A6-A1D8-4BA8-98A0-301C6EBFE952}.Debug|Any CPU.ActiveCfg = Debug|Any CPU
		{B0CB77A6-A1D8-4BA8-98A0-301C6EBFE952}.Debug|Any CPU.Build.0 = Debug|Any CPU
		{B0CB77A6-A1D8-4BA8-98A0-301C6EBFE952}.Release|Any CPU.ActiveCfg = Release|Any CPU
		{B0CB77A6-A1D8-4BA8-98A0-301C6EBFE952}.Release|Any CPU.Build.0 = Release|Any CPU
		{87DE80AD-6E40-4544-8D0C-4BA9C66441DA}.Debug|Any CPU.ActiveCfg = Debug|Any CPU
		{87DE80AD-6E40-4544-8D0C-4BA9C66441DA}.Debug|Any CPU.Build.0 = Debug|Any CPU
		{87DE80AD-6E40-4544-8D0C-4BA9C66441DA}.Release|Any CPU.ActiveCfg = Release|Any CPU
		{87DE80AD-6E40-4544-8D0C-4BA9C66441DA}.Release|Any CPU.Build.0 = Release|Any CPU
		{83C893F0-BEB1-4A9A-92BD-8E3AFD57AC27}.Debug|Any CPU.ActiveCfg = Debug|Any CPU
		{83C893F0-BEB1-4A9A-92BD-8E3AFD57AC27}.Debug|Any CPU.Build.0 = Debug|Any CPU
		{83C893F0-BEB1-4A9A-92BD-8E3AFD57AC27}.Release|Any CPU.ActiveCfg = Release|Any CPU
		{83C893F0-BEB1-4A9A-92BD-8E3AFD57AC27}.Release|Any CPU.Build.0 = Release|Any CPU
		{F8327520-32ED-4F58-88FE-56869487027B}.Debug|Any CPU.ActiveCfg = Debug|Any CPU
		{F8327520-32ED-4F58-88FE-56869487027B}.Debug|Any CPU.Build.0 = Debug|Any CPU
		{F8327520-32ED-4F58-88FE-56869487027B}.Release|Any CPU.ActiveCfg = Release|Any CPU
		{F8327520-32ED-4F58-88FE-56869487027B}.Release|Any CPU.Build.0 = Release|Any CPU
		{D05A1876-BE28-4F97-9C0C-40BEB6DB4DB4}.Debug|Any CPU.ActiveCfg = Debug|Any CPU
		{D05A1876-BE28-4F97-9C0C-40BEB6DB4DB4}.Debug|Any CPU.Build.0 = Debug|Any CPU
		{D05A1876-BE28-4F97-9C0C-40BEB6DB4DB4}.Release|Any CPU.ActiveCfg = Release|Any CPU
		{D05A1876-BE28-4F97-9C0C-40BEB6DB4DB4}.Release|Any CPU.Build.0 = Release|Any CPU
		{AE7AE49F-2B09-42BE-8F70-524752115F7B}.Debug|Any CPU.ActiveCfg = Debug|Any CPU
		{AE7AE49F-2B09-42BE-8F70-524752115F7B}.Debug|Any CPU.Build.0 = Debug|Any CPU
		{AE7AE49F-2B09-42BE-8F70-524752115F7B}.Release|Any CPU.ActiveCfg = Release|Any CPU
		{AE7AE49F-2B09-42BE-8F70-524752115F7B}.Release|Any CPU.Build.0 = Release|Any CPU
		{7A890911-4759-4066-9963-4243925827A7}.Debug|Any CPU.ActiveCfg = Debug|Any CPU
		{7A890911-4759-4066-9963-4243925827A7}.Debug|Any CPU.Build.0 = Debug|Any CPU
		{7A890911-4759-4066-9963-4243925827A7}.Release|Any CPU.ActiveCfg = Release|Any CPU
		{7A890911-4759-4066-9963-4243925827A7}.Release|Any CPU.Build.0 = Release|Any CPU
		{0CD9E1D8-F242-4681-B049-F969810C1D8F}.Debug|Any CPU.ActiveCfg = Debug|Any CPU
		{0CD9E1D8-F242-4681-B049-F969810C1D8F}.Debug|Any CPU.Build.0 = Debug|Any CPU
		{0CD9E1D8-F242-4681-B049-F969810C1D8F}.Release|Any CPU.ActiveCfg = Release|Any CPU
		{0CD9E1D8-F242-4681-B049-F969810C1D8F}.Release|Any CPU.Build.0 = Release|Any CPU
		{C5164A48-685F-4423-A84A-CF99675749DC}.Debug|Any CPU.ActiveCfg = Debug|Any CPU
		{C5164A48-685F-4423-A84A-CF99675749DC}.Debug|Any CPU.Build.0 = Debug|Any CPU
		{C5164A48-685F-4423-A84A-CF99675749DC}.Release|Any CPU.ActiveCfg = Release|Any CPU
		{C5164A48-685F-4423-A84A-CF99675749DC}.Release|Any CPU.Build.0 = Release|Any CPU
		{165D61B3-9A82-40F2-99BA-9B2846973422}.Debug|Any CPU.ActiveCfg = Debug|Any CPU
		{165D61B3-9A82-40F2-99BA-9B2846973422}.Debug|Any CPU.Build.0 = Debug|Any CPU
		{165D61B3-9A82-40F2-99BA-9B2846973422}.Release|Any CPU.ActiveCfg = Release|Any CPU
		{165D61B3-9A82-40F2-99BA-9B2846973422}.Release|Any CPU.Build.0 = Release|Any CPU
		{05242CB7-0FC4-4A76-B28C-6BD9D06ED054}.Debug|Any CPU.ActiveCfg = Debug|Any CPU
		{05242CB7-0FC4-4A76-B28C-6BD9D06ED054}.Debug|Any CPU.Build.0 = Debug|Any CPU
		{05242CB7-0FC4-4A76-B28C-6BD9D06ED054}.Release|Any CPU.ActiveCfg = Release|Any CPU
		{05242CB7-0FC4-4A76-B28C-6BD9D06ED054}.Release|Any CPU.Build.0 = Release|Any CPU
		{635308F5-828F-4F08-8C09-071B9157E550}.Debug|Any CPU.ActiveCfg = Debug|Any CPU
		{635308F5-828F-4F08-8C09-071B9157E550}.Debug|Any CPU.Build.0 = Debug|Any CPU
		{635308F5-828F-4F08-8C09-071B9157E550}.Release|Any CPU.ActiveCfg = Release|Any CPU
		{635308F5-828F-4F08-8C09-071B9157E550}.Release|Any CPU.Build.0 = Release|Any CPU
		{707B86F9-251A-4422-93D1-CA9C1D3552FB}.Debug|Any CPU.ActiveCfg = Debug|Any CPU
		{707B86F9-251A-4422-93D1-CA9C1D3552FB}.Debug|Any CPU.Build.0 = Debug|Any CPU
		{707B86F9-251A-4422-93D1-CA9C1D3552FB}.Release|Any CPU.ActiveCfg = Release|Any CPU
		{707B86F9-251A-4422-93D1-CA9C1D3552FB}.Release|Any CPU.Build.0 = Release|Any CPU
		{78D024C8-AFC1-4556-8D82-93F2CC7FB6F2}.Debug|Any CPU.ActiveCfg = Debug|Any CPU
		{78D024C8-AFC1-4556-8D82-93F2CC7FB6F2}.Debug|Any CPU.Build.0 = Debug|Any CPU
		{78D024C8-AFC1-4556-8D82-93F2CC7FB6F2}.Release|Any CPU.ActiveCfg = Release|Any CPU
		{78D024C8-AFC1-4556-8D82-93F2CC7FB6F2}.Release|Any CPU.Build.0 = Release|Any CPU
		{2BEEEF61-5F60-4431-B9B7-72855B4C75B2}.Debug|Any CPU.ActiveCfg = Debug|Any CPU
		{2BEEEF61-5F60-4431-B9B7-72855B4C75B2}.Debug|Any CPU.Build.0 = Debug|Any CPU
		{2BEEEF61-5F60-4431-B9B7-72855B4C75B2}.Release|Any CPU.ActiveCfg = Release|Any CPU
		{2BEEEF61-5F60-4431-B9B7-72855B4C75B2}.Release|Any CPU.Build.0 = Release|Any CPU
		{39047EA3-D4C5-4186-B53B-07E7345180FA}.Debug|Any CPU.ActiveCfg = Debug|Any CPU
		{39047EA3-D4C5-4186-B53B-07E7345180FA}.Debug|Any CPU.Build.0 = Debug|Any CPU
		{39047EA3-D4C5-4186-B53B-07E7345180FA}.Release|Any CPU.ActiveCfg = Release|Any CPU
		{39047EA3-D4C5-4186-B53B-07E7345180FA}.Release|Any CPU.Build.0 = Release|Any CPU
		{FE95BD61-96F1-483F-A4BB-2615F26E27BB}.Debug|Any CPU.ActiveCfg = Debug|Any CPU
		{FE95BD61-96F1-483F-A4BB-2615F26E27BB}.Debug|Any CPU.Build.0 = Debug|Any CPU
		{FE95BD61-96F1-483F-A4BB-2615F26E27BB}.Release|Any CPU.ActiveCfg = Release|Any CPU
		{FE95BD61-96F1-483F-A4BB-2615F26E27BB}.Release|Any CPU.Build.0 = Release|Any CPU
		{4F3D3604-2A27-4CBB-AC48-FABE65B4C3C3}.Debug|Any CPU.ActiveCfg = Debug|Any CPU
		{4F3D3604-2A27-4CBB-AC48-FABE65B4C3C3}.Debug|Any CPU.Build.0 = Debug|Any CPU
		{4F3D3604-2A27-4CBB-AC48-FABE65B4C3C3}.Release|Any CPU.ActiveCfg = Release|Any CPU
		{4F3D3604-2A27-4CBB-AC48-FABE65B4C3C3}.Release|Any CPU.Build.0 = Release|Any CPU
		{F8DA4121-1040-4F48-9E78-576AD795A6B2}.Debug|Any CPU.ActiveCfg = Debug|Any CPU
		{F8DA4121-1040-4F48-9E78-576AD795A6B2}.Debug|Any CPU.Build.0 = Debug|Any CPU
		{F8DA4121-1040-4F48-9E78-576AD795A6B2}.Release|Any CPU.ActiveCfg = Release|Any CPU
		{F8DA4121-1040-4F48-9E78-576AD795A6B2}.Release|Any CPU.Build.0 = Release|Any CPU
		{C2B87D12-5799-4BB0-A596-8C950DAC3D09}.Debug|Any CPU.ActiveCfg = Debug|Any CPU
		{C2B87D12-5799-4BB0-A596-8C950DAC3D09}.Debug|Any CPU.Build.0 = Debug|Any CPU
		{C2B87D12-5799-4BB0-A596-8C950DAC3D09}.Release|Any CPU.ActiveCfg = Release|Any CPU
		{C2B87D12-5799-4BB0-A596-8C950DAC3D09}.Release|Any CPU.Build.0 = Release|Any CPU
		{C082029D-B0FB-4632-B911-D24063BBC02B}.Debug|Any CPU.ActiveCfg = Debug|Any CPU
		{C082029D-B0FB-4632-B911-D24063BBC02B}.Debug|Any CPU.Build.0 = Debug|Any CPU
		{C082029D-B0FB-4632-B911-D24063BBC02B}.Release|Any CPU.ActiveCfg = Release|Any CPU
		{C082029D-B0FB-4632-B911-D24063BBC02B}.Release|Any CPU.Build.0 = Release|Any CPU
		{56F53229-305F-46BE-8A38-993CA8BDC8EE}.Debug|Any CPU.ActiveCfg = Debug|Any CPU
		{56F53229-305F-46BE-8A38-993CA8BDC8EE}.Debug|Any CPU.Build.0 = Debug|Any CPU
		{56F53229-305F-46BE-8A38-993CA8BDC8EE}.Release|Any CPU.ActiveCfg = Release|Any CPU
		{56F53229-305F-46BE-8A38-993CA8BDC8EE}.Release|Any CPU.Build.0 = Release|Any CPU
		{8217B1FE-0C42-48B7-ABE8-9F21A9378808}.Debug|Any CPU.ActiveCfg = Debug|Any CPU
		{8217B1FE-0C42-48B7-ABE8-9F21A9378808}.Debug|Any CPU.Build.0 = Debug|Any CPU
		{8217B1FE-0C42-48B7-ABE8-9F21A9378808}.Release|Any CPU.ActiveCfg = Release|Any CPU
		{8217B1FE-0C42-48B7-ABE8-9F21A9378808}.Release|Any CPU.Build.0 = Release|Any CPU
		{1069611C-7D9D-44A2-B9B9-C187045A4F0F}.Debug|Any CPU.ActiveCfg = Debug|Any CPU
		{1069611C-7D9D-44A2-B9B9-C187045A4F0F}.Debug|Any CPU.Build.0 = Debug|Any CPU
		{1069611C-7D9D-44A2-B9B9-C187045A4F0F}.Release|Any CPU.ActiveCfg = Release|Any CPU
		{1069611C-7D9D-44A2-B9B9-C187045A4F0F}.Release|Any CPU.Build.0 = Release|Any CPU
		{25636FC7-F7B5-4BFD-A976-DFE765F37F13}.Debug|Any CPU.ActiveCfg = Debug|Any CPU
		{25636FC7-F7B5-4BFD-A976-DFE765F37F13}.Debug|Any CPU.Build.0 = Debug|Any CPU
		{25636FC7-F7B5-4BFD-A976-DFE765F37F13}.Release|Any CPU.ActiveCfg = Release|Any CPU
		{25636FC7-F7B5-4BFD-A976-DFE765F37F13}.Release|Any CPU.Build.0 = Release|Any CPU
		{A846F555-D740-478F-93FF-54725C0D04E4}.Debug|Any CPU.ActiveCfg = Debug|Any CPU
		{A846F555-D740-478F-93FF-54725C0D04E4}.Debug|Any CPU.Build.0 = Debug|Any CPU
		{A846F555-D740-478F-93FF-54725C0D04E4}.Release|Any CPU.ActiveCfg = Release|Any CPU
		{A846F555-D740-478F-93FF-54725C0D04E4}.Release|Any CPU.Build.0 = Release|Any CPU
		{8FD50FE7-76FD-45B7-A0A9-12D812A84BEA}.Debug|Any CPU.ActiveCfg = Debug|Any CPU
		{8FD50FE7-76FD-45B7-A0A9-12D812A84BEA}.Debug|Any CPU.Build.0 = Debug|Any CPU
		{8FD50FE7-76FD-45B7-A0A9-12D812A84BEA}.Release|Any CPU.ActiveCfg = Release|Any CPU
		{8FD50FE7-76FD-45B7-A0A9-12D812A84BEA}.Release|Any CPU.Build.0 = Release|Any CPU
	EndGlobalSection
	GlobalSection(SolutionProperties) = preSolution
		HideSolutionNode = FALSE
	EndGlobalSection
	GlobalSection(ExtensibilityGlobals) = postSolution
		SolutionGuid = {E893F39F-1C22-4C52-BBEA-39024117EFEE}
	EndGlobalSection
EndGlobal
