
Microsoft Visual Studio Solution File, Format Version 12.00
# Visual Studio Version 17
VisualStudioVersion = 17.7.34018.315
MinimumVisualStudioVersion = 10.0.40219.1
Project("{FAE04EC0-301F-11D3-BF4B-00C04F79EFBC}") = "88MergeSortedArrays", "88MergeSortedArrays\88MergeSortedArrays.csproj", "{B0CB77A6-A1D8-4BA8-98A0-301C6EBFE952}"
EndProject
Project("{FAE04EC0-301F-11D3-BF4B-00C04F79EFBC}") = "Utils", "Utils\Utils.csproj", "{87DE80AD-6E40-4544-8D0C-4BA9C66441DA}"
EndProject
Global
	GlobalSection(SolutionConfigurationPlatforms) = preSolution
		Debug|Any CPU = Debug|Any CPU
		Release|Any CPU = Release|Any CPU
	EndGlobalSection
	GlobalSection(ProjectConfigurationPlatforms) = postSolution
		{B0CB77A6-A1D8-4BA8-98A0-301C6EBFE952}.Debug|Any CPU.ActiveCfg = Debug|Any CPU
		{B0CB77A6-A1D8-4BA8-98A0-301C6EBFE952}.Debug|Any CPU.Build.0 = Debug|Any CPU
		{B0CB77A6-A1D8-4BA8-98A0-301C6EBFE952}.Release|Any CPU.ActiveCfg = Release|Any CPU
		{B0CB77A6-A1D8-4BA8-98A0-301C6EBFE952}.Release|Any CPU.Build.0 = Release|Any CPU
		{87DE80AD-6E40-4544-8D0C-4BA9C66441DA}.Debug|Any CPU.ActiveCfg = Debug|Any CPU
		{87DE80AD-6E40-4544-8D0C-4BA9C66441DA}.Debug|Any CPU.Build.0 = Debug|Any CPU
		{87DE80AD-6E40-4544-8D0C-4BA9C66441DA}.Release|Any CPU.ActiveCfg = Release|Any CPU
		{87DE80AD-6E40-4544-8D0C-4BA9C66441DA}.Release|Any CPU.Build.0 = Release|Any CPU
	EndGlobalSection
	GlobalSection(SolutionProperties) = preSolution
		HideSolutionNode = FALSE
	EndGlobalSection
	GlobalSection(ExtensibilityGlobals) = postSolution
		SolutionGuid = {E893F39F-1C22-4C52-BBEA-39024117EFEE}
	EndGlobalSection
EndGlobal
